
Microsoft Visual Studio Solution File, Format Version 12.00
# Visual Studio Version 17
VisualStudioVersion = 17.0.31912.275
MinimumVisualStudioVersion = 10.0.40219.1
Project("{FAE04EC0-301F-11D3-BF4B-00C04F79EFBC}") = "AdventOfCode", "AdventOfCode.csproj", "{52961B96-4871-4ED3-838A-AA468BDFBEA7}"
EndProject
Global
	GlobalSection(SolutionConfigurationPlatforms) = preSolution
		Debug|Any CPU = Debug|Any CPU
		Release|Any CPU = Release|Any CPU
	EndGlobalSection
	GlobalSection(ProjectConfigurationPlatforms) = postSolution
		{52961B96-4871-4ED3-838A-AA468BDFBEA7}.Debug|Any CPU.ActiveCfg = Debug|Any CPU
		{52961B96-4871-4ED3-838A-AA468BDFBEA7}.Debug|Any CPU.Build.0 = Debug|Any CPU
		{52961B96-4871-4ED3-838A-AA468BDFBEA7}.Release|Any CPU.ActiveCfg = Release|Any CPU
		{52961B96-4871-4ED3-838A-AA468BDFBEA7}.Release|Any CPU.Build.0 = Release|Any CPU
	EndGlobalSection
	GlobalSection(SolutionProperties) = preSolution
		HideSolutionNode = FALSE
	EndGlobalSection
	GlobalSection(ExtensibilityGlobals) = postSolution
		SolutionGuid = {67CE6DC6-75FD-463A-A2B7-25D876146C2F}
	EndGlobalSection
EndGlobal
